// !$*UTF8*$!
{
	archiveVersion = 1;
	classes = {
	};
	objectVersion = 56;
	objects = {

/* Begin PBXBuildFile section */
		857AC6AD2AF22F0B00C4906F /* AppleWeatherSwiftApp.swift in Sources */ = {isa = PBXBuildFile; fileRef = 857AC6AC2AF22F0B00C4906F /* AppleWeatherSwiftApp.swift */; };
		857AC6AF2AF22F0B00C4906F /* ContentView.swift in Sources */ = {isa = PBXBuildFile; fileRef = 857AC6AE2AF22F0B00C4906F /* ContentView.swift */; };
		857AC6B12AF22F0C00C4906F /* Assets.xcassets in Resources */ = {isa = PBXBuildFile; fileRef = 857AC6B02AF22F0C00C4906F /* Assets.xcassets */; };
		857AC6B42AF22F0C00C4906F /* Preview Assets.xcassets in Resources */ = {isa = PBXBuildFile; fileRef = 857AC6B32AF22F0C00C4906F /* Preview Assets.xcassets */; };
		857AC6BE2AF22F0C00C4906F /* AppleWeatherSwiftTests.swift in Sources */ = {isa = PBXBuildFile; fileRef = 857AC6BD2AF22F0C00C4906F /* AppleWeatherSwiftTests.swift */; };
		857AC6C82AF22F0C00C4906F /* AppleWeatherSwiftUITests.swift in Sources */ = {isa = PBXBuildFile; fileRef = 857AC6C72AF22F0C00C4906F /* AppleWeatherSwiftUITests.swift */; };
		857AC6CA2AF22F0C00C4906F /* AppleWeatherSwiftUITestsLaunchTests.swift in Sources */ = {isa = PBXBuildFile; fileRef = 857AC6C92AF22F0C00C4906F /* AppleWeatherSwiftUITestsLaunchTests.swift */; };
		857AC6DF2AF23A3100C4906F /* ForecastView.swift in Sources */ = {isa = PBXBuildFile; fileRef = 857AC6DE2AF23A3100C4906F /* ForecastView.swift */; };
		857AC6E32AF23C6200C4906F /* TodayView.swift in Sources */ = {isa = PBXBuildFile; fileRef = 857AC6E22AF23C6200C4906F /* TodayView.swift */; };
		85C0C8B22B04A0F100733E82 /* Font+App.swift in Sources */ = {isa = PBXBuildFile; fileRef = 85C0C8B12B04A0F100733E82 /* Font+App.swift */; };
		85C0C8FE2B0C8EA900733E82 /* Inter-Medium.otf in Resources */ = {isa = PBXBuildFile; fileRef = 85C0C8FA2B0C8EA900733E82 /* Inter-Medium.otf */; };
		85C0C8FF2B0C8EA900733E82 /* Inter-Regular.otf in Resources */ = {isa = PBXBuildFile; fileRef = 85C0C8FB2B0C8EA900733E82 /* Inter-Regular.otf */; };
		85C0C9002B0C8EA900733E82 /* Inter-SemiBold.otf in Resources */ = {isa = PBXBuildFile; fileRef = 85C0C8FC2B0C8EA900733E82 /* Inter-SemiBold.otf */; };
		85C0C9012B0C8EA900733E82 /* Inter-Bold.otf in Resources */ = {isa = PBXBuildFile; fileRef = 85C0C8FD2B0C8EA900733E82 /* Inter-Bold.otf */; };
		85C0C9032B0F2EA500733E82 /* ErrorFetchingDataView.swift in Sources */ = {isa = PBXBuildFile; fileRef = 85C0C9022B0F2EA500733E82 /* ErrorFetchingDataView.swift */; };
		85C0C9052B0F2EBD00733E82 /* EnableLocationView.swift in Sources */ = {isa = PBXBuildFile; fileRef = 85C0C9042B0F2EBD00733E82 /* EnableLocationView.swift */; };
		85C0C9072B0F37FF00733E82 /* Image+App.swift in Sources */ = {isa = PBXBuildFile; fileRef = 85C0C9062B0F37FF00733E82 /* Image+App.swift */; };
		85C0C9092B0F9C2300733E82 /* AppText.swift in Sources */ = {isa = PBXBuildFile; fileRef = 85C0C9082B0F9C2300733E82 /* AppText.swift */; };
		85C0C90B2B0FB7D400733E82 /* ButtonStyle.swift in Sources */ = {isa = PBXBuildFile; fileRef = 85C0C90A2B0FB7D400733E82 /* ButtonStyle.swift */; };
		85C0C90E2B0FD01D00733E82 /* Localizable.xcstrings in Resources */ = {isa = PBXBuildFile; fileRef = 85C0C90D2B0FD01D00733E82 /* Localizable.xcstrings */; };
		85C2B5E52B26EE8B00305CDF /* weatherDataForecast.json in Resources */ = {isa = PBXBuildFile; fileRef = 85C2B5E42B26EE8B00305CDF /* weatherDataForecast.json */; };
		85C2B5EE2B298BE100305CDF /* ContentView-ViewModel.swift in Sources */ = {isa = PBXBuildFile; fileRef = 85C2B5ED2B298BE100305CDF /* ContentView-ViewModel.swift */; };
		85C8A7882B12478500BCBC3A /* TodayDetailInfo.swift in Sources */ = {isa = PBXBuildFile; fileRef = 85C8A7872B12478500BCBC3A /* TodayDetailInfo.swift */; };
		85C8A7942B1477EA00BCBC3A /* AnimationBackgroundView.swift in Sources */ = {isa = PBXBuildFile; fileRef = 85C8A7932B1477EA00BCBC3A /* AnimationBackgroundView.swift */; };
		85C8A7982B15C67E00BCBC3A /* ForecastDetailView.swift in Sources */ = {isa = PBXBuildFile; fileRef = 85C8A7972B15C67E00BCBC3A /* ForecastDetailView.swift */; };
		85C8A79A2B15CE2100BCBC3A /* ForecastHeaderInfoView.swift in Sources */ = {isa = PBXBuildFile; fileRef = 85C8A7992B15CE2100BCBC3A /* ForecastHeaderInfoView.swift */; };
		85C8A7A52B19BCDB00BCBC3A /* LocationManager.swift in Sources */ = {isa = PBXBuildFile; fileRef = 85C8A7A42B19BCDB00BCBC3A /* LocationManager.swift */; };
		85C8A7A82B19C08400BCBC3A /* LoadingView.swift in Sources */ = {isa = PBXBuildFile; fileRef = 85C8A7A72B19C08400BCBC3A /* LoadingView.swift */; };
		85C8A7AB2B19C7E300BCBC3A /* test.swift in Sources */ = {isa = PBXBuildFile; fileRef = 85C8A7AA2B19C7E300BCBC3A /* test.swift */; };
		85C8A7B12B1B83E500BCBC3A /* WeatherManager.swift in Sources */ = {isa = PBXBuildFile; fileRef = 85C8A7B02B1B83E500BCBC3A /* WeatherManager.swift */; };
		85C8A7B32B1CD65900BCBC3A /* ModelData.swift in Sources */ = {isa = PBXBuildFile; fileRef = 85C8A7B22B1CD65900BCBC3A /* ModelData.swift */; };
		85C8A7B52B1CD6AE00BCBC3A /* weatherData.json in Resources */ = {isa = PBXBuildFile; fileRef = 85C8A7B42B1CD6AE00BCBC3A /* weatherData.json */; };
		85C8A7B72B1DAF1D00BCBC3A /* Extension.swift in Sources */ = {isa = PBXBuildFile; fileRef = 85C8A7B62B1DAF1D00BCBC3A /* Extension.swift */; };
		85C8A7BB2B1F0A3E00BCBC3A /* ShareSheetView.swift in Sources */ = {isa = PBXBuildFile; fileRef = 85C8A7BA2B1F0A3E00BCBC3A /* ShareSheetView.swift */; };
/* End PBXBuildFile section */

/* Begin PBXContainerItemProxy section */
		857AC6BA2AF22F0C00C4906F /* PBXContainerItemProxy */ = {
			isa = PBXContainerItemProxy;
			containerPortal = 857AC6A12AF22F0A00C4906F /* Project object */;
			proxyType = 1;
			remoteGlobalIDString = 857AC6A82AF22F0B00C4906F;
			remoteInfo = AppleWeatherSwift;
		};
		857AC6C42AF22F0C00C4906F /* PBXContainerItemProxy */ = {
			isa = PBXContainerItemProxy;
			containerPortal = 857AC6A12AF22F0A00C4906F /* Project object */;
			proxyType = 1;
			remoteGlobalIDString = 857AC6A82AF22F0B00C4906F;
			remoteInfo = AppleWeatherSwift;
		};
/* End PBXContainerItemProxy section */

/* Begin PBXFileReference section */
		857AC6A92AF22F0B00C4906F /* AppleWeatherSwift.app */ = {isa = PBXFileReference; explicitFileType = wrapper.application; includeInIndex = 0; path = AppleWeatherSwift.app; sourceTree = BUILT_PRODUCTS_DIR; };
		857AC6AC2AF22F0B00C4906F /* AppleWeatherSwiftApp.swift */ = {isa = PBXFileReference; lastKnownFileType = sourcecode.swift; path = AppleWeatherSwiftApp.swift; sourceTree = "<group>"; };
		857AC6AE2AF22F0B00C4906F /* ContentView.swift */ = {isa = PBXFileReference; lastKnownFileType = sourcecode.swift; path = ContentView.swift; sourceTree = "<group>"; };
		857AC6B02AF22F0C00C4906F /* Assets.xcassets */ = {isa = PBXFileReference; lastKnownFileType = folder.assetcatalog; path = Assets.xcassets; sourceTree = "<group>"; };
		857AC6B32AF22F0C00C4906F /* Preview Assets.xcassets */ = {isa = PBXFileReference; lastKnownFileType = folder.assetcatalog; path = "Preview Assets.xcassets"; sourceTree = "<group>"; };
		857AC6B92AF22F0C00C4906F /* AppleWeatherSwiftTests.xctest */ = {isa = PBXFileReference; explicitFileType = wrapper.cfbundle; includeInIndex = 0; path = AppleWeatherSwiftTests.xctest; sourceTree = BUILT_PRODUCTS_DIR; };
		857AC6BD2AF22F0C00C4906F /* AppleWeatherSwiftTests.swift */ = {isa = PBXFileReference; lastKnownFileType = sourcecode.swift; path = AppleWeatherSwiftTests.swift; sourceTree = "<group>"; };
		857AC6C32AF22F0C00C4906F /* AppleWeatherSwiftUITests.xctest */ = {isa = PBXFileReference; explicitFileType = wrapper.cfbundle; includeInIndex = 0; path = AppleWeatherSwiftUITests.xctest; sourceTree = BUILT_PRODUCTS_DIR; };
		857AC6C72AF22F0C00C4906F /* AppleWeatherSwiftUITests.swift */ = {isa = PBXFileReference; lastKnownFileType = sourcecode.swift; path = AppleWeatherSwiftUITests.swift; sourceTree = "<group>"; };
		857AC6C92AF22F0C00C4906F /* AppleWeatherSwiftUITestsLaunchTests.swift */ = {isa = PBXFileReference; lastKnownFileType = sourcecode.swift; path = AppleWeatherSwiftUITestsLaunchTests.swift; sourceTree = "<group>"; };
		857AC6DE2AF23A3100C4906F /* ForecastView.swift */ = {isa = PBXFileReference; lastKnownFileType = sourcecode.swift; path = ForecastView.swift; sourceTree = "<group>"; };
		857AC6E22AF23C6200C4906F /* TodayView.swift */ = {isa = PBXFileReference; lastKnownFileType = sourcecode.swift; path = TodayView.swift; sourceTree = "<group>"; };
		85C0C8AD2B03616500733E82 /* Info.plist */ = {isa = PBXFileReference; lastKnownFileType = text.plist.xml; path = Info.plist; sourceTree = "<group>"; };
		85C0C8B12B04A0F100733E82 /* Font+App.swift */ = {isa = PBXFileReference; lastKnownFileType = sourcecode.swift; path = "Font+App.swift"; sourceTree = "<group>"; };
		85C0C8FA2B0C8EA900733E82 /* Inter-Medium.otf */ = {isa = PBXFileReference; lastKnownFileType = file; path = "Inter-Medium.otf"; sourceTree = "<group>"; };
		85C0C8FB2B0C8EA900733E82 /* Inter-Regular.otf */ = {isa = PBXFileReference; lastKnownFileType = file; path = "Inter-Regular.otf"; sourceTree = "<group>"; };
		85C0C8FC2B0C8EA900733E82 /* Inter-SemiBold.otf */ = {isa = PBXFileReference; lastKnownFileType = file; path = "Inter-SemiBold.otf"; sourceTree = "<group>"; };
		85C0C8FD2B0C8EA900733E82 /* Inter-Bold.otf */ = {isa = PBXFileReference; lastKnownFileType = file; path = "Inter-Bold.otf"; sourceTree = "<group>"; };
		85C0C9022B0F2EA500733E82 /* ErrorFetchingDataView.swift */ = {isa = PBXFileReference; lastKnownFileType = sourcecode.swift; path = ErrorFetchingDataView.swift; sourceTree = "<group>"; };
		85C0C9042B0F2EBD00733E82 /* EnableLocationView.swift */ = {isa = PBXFileReference; lastKnownFileType = sourcecode.swift; path = EnableLocationView.swift; sourceTree = "<group>"; };
		85C0C9062B0F37FF00733E82 /* Image+App.swift */ = {isa = PBXFileReference; lastKnownFileType = sourcecode.swift; path = "Image+App.swift"; sourceTree = "<group>"; };
		85C0C9082B0F9C2300733E82 /* AppText.swift */ = {isa = PBXFileReference; lastKnownFileType = sourcecode.swift; path = AppText.swift; sourceTree = "<group>"; };
		85C0C90A2B0FB7D400733E82 /* ButtonStyle.swift */ = {isa = PBXFileReference; lastKnownFileType = sourcecode.swift; path = ButtonStyle.swift; sourceTree = "<group>"; };
		85C0C90D2B0FD01D00733E82 /* Localizable.xcstrings */ = {isa = PBXFileReference; lastKnownFileType = text.json.xcstrings; path = Localizable.xcstrings; sourceTree = "<group>"; };
		85C2B5E42B26EE8B00305CDF /* weatherDataForecast.json */ = {isa = PBXFileReference; lastKnownFileType = text.json; path = weatherDataForecast.json; sourceTree = "<group>"; };
		85C2B5ED2B298BE100305CDF /* ContentView-ViewModel.swift */ = {isa = PBXFileReference; lastKnownFileType = sourcecode.swift; path = "ContentView-ViewModel.swift"; sourceTree = "<group>"; };
		85C8A7872B12478500BCBC3A /* TodayDetailInfo.swift */ = {isa = PBXFileReference; lastKnownFileType = sourcecode.swift; path = TodayDetailInfo.swift; sourceTree = "<group>"; };
		85C8A7932B1477EA00BCBC3A /* AnimationBackgroundView.swift */ = {isa = PBXFileReference; lastKnownFileType = sourcecode.swift; path = AnimationBackgroundView.swift; sourceTree = "<group>"; };
		85C8A7972B15C67E00BCBC3A /* ForecastDetailView.swift */ = {isa = PBXFileReference; lastKnownFileType = sourcecode.swift; path = ForecastDetailView.swift; sourceTree = "<group>"; };
		85C8A7992B15CE2100BCBC3A /* ForecastHeaderInfoView.swift */ = {isa = PBXFileReference; lastKnownFileType = sourcecode.swift; path = ForecastHeaderInfoView.swift; sourceTree = "<group>"; };
		85C8A7A42B19BCDB00BCBC3A /* LocationManager.swift */ = {isa = PBXFileReference; lastKnownFileType = sourcecode.swift; path = LocationManager.swift; sourceTree = "<group>"; };
		85C8A7A72B19C08400BCBC3A /* LoadingView.swift */ = {isa = PBXFileReference; lastKnownFileType = sourcecode.swift; path = LoadingView.swift; sourceTree = "<group>"; };
		85C8A7AA2B19C7E300BCBC3A /* test.swift */ = {isa = PBXFileReference; lastKnownFileType = sourcecode.swift; path = test.swift; sourceTree = "<group>"; };
		85C8A7B02B1B83E500BCBC3A /* WeatherManager.swift */ = {isa = PBXFileReference; lastKnownFileType = sourcecode.swift; path = WeatherManager.swift; sourceTree = "<group>"; };
		85C8A7B22B1CD65900BCBC3A /* ModelData.swift */ = {isa = PBXFileReference; lastKnownFileType = sourcecode.swift; path = ModelData.swift; sourceTree = "<group>"; };
		85C8A7B42B1CD6AE00BCBC3A /* weatherData.json */ = {isa = PBXFileReference; lastKnownFileType = text.json; path = weatherData.json; sourceTree = "<group>"; };
		85C8A7B62B1DAF1D00BCBC3A /* Extension.swift */ = {isa = PBXFileReference; lastKnownFileType = sourcecode.swift; path = Extension.swift; sourceTree = "<group>"; };
		85C8A7BA2B1F0A3E00BCBC3A /* ShareSheetView.swift */ = {isa = PBXFileReference; lastKnownFileType = sourcecode.swift; path = ShareSheetView.swift; sourceTree = "<group>"; };
/* End PBXFileReference section */

/* Begin PBXFrameworksBuildPhase section */
		857AC6A62AF22F0B00C4906F /* Frameworks */ = {
			isa = PBXFrameworksBuildPhase;
			buildActionMask = 2147483647;
			files = (
			);
			runOnlyForDeploymentPostprocessing = 0;
		};
		857AC6B62AF22F0C00C4906F /* Frameworks */ = {
			isa = PBXFrameworksBuildPhase;
			buildActionMask = 2147483647;
			files = (
			);
			runOnlyForDeploymentPostprocessing = 0;
		};
		857AC6C02AF22F0C00C4906F /* Frameworks */ = {
			isa = PBXFrameworksBuildPhase;
			buildActionMask = 2147483647;
			files = (
			);
			runOnlyForDeploymentPostprocessing = 0;
		};
/* End PBXFrameworksBuildPhase section */

/* Begin PBXGroup section */
		857AC6A02AF22F0A00C4906F = {
			isa = PBXGroup;
			children = (
				857AC6AB2AF22F0B00C4906F /* AppleWeatherSwift */,
				857AC6C62AF22F0C00C4906F /* AppleWeatherSwiftUITests */,
				857AC6AA2AF22F0B00C4906F /* Products */,
			);
			sourceTree = "<group>";
		};
		857AC6AA2AF22F0B00C4906F /* Products */ = {
			isa = PBXGroup;
			children = (
				857AC6A92AF22F0B00C4906F /* AppleWeatherSwift.app */,
				857AC6B92AF22F0C00C4906F /* AppleWeatherSwiftTests.xctest */,
				857AC6C32AF22F0C00C4906F /* AppleWeatherSwiftUITests.xctest */,
			);
			name = Products;
			sourceTree = "<group>";
		};
		857AC6AB2AF22F0B00C4906F /* AppleWeatherSwift */ = {
			isa = PBXGroup;
			children = (
				85C2B5E72B26EFF700305CDF /* Common */,
				85C2B5E62B26EFE300305CDF /* Application */,
				85C8A7892B124FAE00BCBC3A /* Scenes */,
				857AC6BC2AF22F0C00C4906F /* AppleWeatherSwiftTests */,
				857AC6B22AF22F0C00C4906F /* Preview Content */,
				85C0C8AD2B03616500733E82 /* Info.plist */,
			);
			path = AppleWeatherSwift;
			sourceTree = "<group>";
		};
		857AC6B22AF22F0C00C4906F /* Preview Content */ = {
			isa = PBXGroup;
			children = (
				857AC6B32AF22F0C00C4906F /* Preview Assets.xcassets */,
			);
			path = "Preview Content";
			sourceTree = "<group>";
		};
		857AC6BC2AF22F0C00C4906F /* AppleWeatherSwiftTests */ = {
			isa = PBXGroup;
			children = (
				857AC6BD2AF22F0C00C4906F /* AppleWeatherSwiftTests.swift */,
			);
			path = AppleWeatherSwiftTests;
			sourceTree = "<group>";
		};
		857AC6C62AF22F0C00C4906F /* AppleWeatherSwiftUITests */ = {
			isa = PBXGroup;
			children = (
				857AC6C72AF22F0C00C4906F /* AppleWeatherSwiftUITests.swift */,
				857AC6C92AF22F0C00C4906F /* AppleWeatherSwiftUITestsLaunchTests.swift */,
			);
			path = AppleWeatherSwiftUITests;
			sourceTree = "<group>";
		};
		85C0C8AA2B03601700733E82 /* Fonts */ = {
			isa = PBXGroup;
			children = (
				85C0C8FD2B0C8EA900733E82 /* Inter-Bold.otf */,
				85C0C8FA2B0C8EA900733E82 /* Inter-Medium.otf */,
				85C0C8FB2B0C8EA900733E82 /* Inter-Regular.otf */,
				85C0C8FC2B0C8EA900733E82 /* Inter-SemiBold.otf */,
			);
			path = Fonts;
			sourceTree = "<group>";
		};
		85C0C8AE2B04A0A100733E82 /* Styles */ = {
			isa = PBXGroup;
			children = (
				85C0C9082B0F9C2300733E82 /* AppText.swift */,
				85C0C8B12B04A0F100733E82 /* Font+App.swift */,
				85C0C9062B0F37FF00733E82 /* Image+App.swift */,
				85C0C90A2B0FB7D400733E82 /* ButtonStyle.swift */,
			);
			path = Styles;
			sourceTree = "<group>";
		};
		85C0C90C2B0FC93700733E82 /* Resources - string catalog */ = {
			isa = PBXGroup;
			children = (
				85C0C90D2B0FD01D00733E82 /* Localizable.xcstrings */,
			);
			path = "Resources - string catalog";
			sourceTree = "<group>";
		};
		85C2B5E62B26EFE300305CDF /* Application */ = {
			isa = PBXGroup;
			children = (
				85C2B5EA2B26F14200305CDF /* Resources */,
			);
			path = Application;
			sourceTree = "<group>";
		};
		85C2B5E72B26EFF700305CDF /* Common */ = {
			isa = PBXGroup;
			children = (
				85C2B5EB2B26F1A100305CDF /* Model Data */,
				85C8A7A32B19BCBD00BCBC3A /* Managers */,
				85C2B5E92B26F0B800305CDF /* Extensions */,
			);
			path = Common;
			sourceTree = "<group>";
		};
		85C2B5E92B26F0B800305CDF /* Extensions */ = {
			isa = PBXGroup;
			children = (
				85C8A7B62B1DAF1D00BCBC3A /* Extension.swift */,
				85C2B5ED2B298BE100305CDF /* ContentView-ViewModel.swift */,
				85C0C8AE2B04A0A100733E82 /* Styles */,
			);
			path = Extensions;
			sourceTree = "<group>";
		};
		85C2B5EA2B26F14200305CDF /* Resources */ = {
			isa = PBXGroup;
			children = (
				85C0C90C2B0FC93700733E82 /* Resources - string catalog */,
				85C0C8AA2B03601700733E82 /* Fonts */,
				857AC6B02AF22F0C00C4906F /* Assets.xcassets */,
				857AC6AC2AF22F0B00C4906F /* AppleWeatherSwiftApp.swift */,
				857AC6AE2AF22F0B00C4906F /* ContentView.swift */,
			);
			path = Resources;
			sourceTree = "<group>";
		};
		85C2B5EB2B26F1A100305CDF /* Model Data */ = {
			isa = PBXGroup;
			children = (
				85C8A7B22B1CD65900BCBC3A /* ModelData.swift */,
				85C8A7B42B1CD6AE00BCBC3A /* weatherData.json */,
				85C2B5E42B26EE8B00305CDF /* weatherDataForecast.json */,
			);
			path = "Model Data";
			sourceTree = "<group>";
		};
		85C2B5EC2B26F1B900305CDF /* Animation Bacground */ = {
			isa = PBXGroup;
			children = (
				85C8A7932B1477EA00BCBC3A /* AnimationBackgroundView.swift */,
			);
			path = "Animation Bacground";
			sourceTree = "<group>";
		};
		85C8A7892B124FAE00BCBC3A /* Scenes */ = {
			isa = PBXGroup;
			children = (
				85C2B5EC2B26F1B900305CDF /* Animation Bacground */,
				85C8A7A92B19C12400BCBC3A /* Enable Location */,
				85C8A78B2B124FD200BCBC3A /* Error View */,
				85C8A7A62B19C06A00BCBC3A /* Loading View */,
				85C8A78C2B12504000BCBC3A /* Forecast View */,
				85C8A78A2B124FBA00BCBC3A /* Today View */,
			);
			path = Scenes;
			sourceTree = "<group>";
		};
		85C8A78A2B124FBA00BCBC3A /* Today View */ = {
			isa = PBXGroup;
			children = (
				857AC6E22AF23C6200C4906F /* TodayView.swift */,
				85C8A7872B12478500BCBC3A /* TodayDetailInfo.swift */,
				85C8A7BA2B1F0A3E00BCBC3A /* ShareSheetView.swift */,
			);
			path = "Today View";
			sourceTree = "<group>";
		};
		85C8A78B2B124FD200BCBC3A /* Error View */ = {
			isa = PBXGroup;
			children = (
				85C0C9022B0F2EA500733E82 /* ErrorFetchingDataView.swift */,
			);
			path = "Error View";
			sourceTree = "<group>";
		};
		85C8A78C2B12504000BCBC3A /* Forecast View */ = {
			isa = PBXGroup;
			children = (
				857AC6DE2AF23A3100C4906F /* ForecastView.swift */,
				85C8A7972B15C67E00BCBC3A /* ForecastDetailView.swift */,
				85C8A7992B15CE2100BCBC3A /* ForecastHeaderInfoView.swift */,
			);
			path = "Forecast View";
			sourceTree = "<group>";
		};
		85C8A7A32B19BCBD00BCBC3A /* Managers */ = {
			isa = PBXGroup;
			children = (
				85C8A7A42B19BCDB00BCBC3A /* LocationManager.swift */,
				85C8A7B02B1B83E500BCBC3A /* WeatherManager.swift */,
			);
			path = Managers;
			sourceTree = "<group>";
		};
		85C8A7A62B19C06A00BCBC3A /* Loading View */ = {
			isa = PBXGroup;
			children = (
				85C8A7A72B19C08400BCBC3A /* LoadingView.swift */,
			);
			path = "Loading View";
			sourceTree = "<group>";
		};
		85C8A7A92B19C12400BCBC3A /* Enable Location */ = {
			isa = PBXGroup;
			children = (
				85C0C9042B0F2EBD00733E82 /* EnableLocationView.swift */,
				85C8A7AA2B19C7E300BCBC3A /* test.swift */,
			);
			path = "Enable Location";
			sourceTree = "<group>";
		};
/* End PBXGroup section */

/* Begin PBXNativeTarget section */
		857AC6A82AF22F0B00C4906F /* AppleWeatherSwift */ = {
			isa = PBXNativeTarget;
			buildConfigurationList = 857AC6CD2AF22F0C00C4906F /* Build configuration list for PBXNativeTarget "AppleWeatherSwift" */;
			buildPhases = (
				857AC6A52AF22F0B00C4906F /* Sources */,
				857AC6A62AF22F0B00C4906F /* Frameworks */,
				857AC6A72AF22F0B00C4906F /* Resources */,
			);
			buildRules = (
			);
			dependencies = (
			);
			name = AppleWeatherSwift;
			packageProductDependencies = (
			);
			productName = AppleWeatherSwift;
			productReference = 857AC6A92AF22F0B00C4906F /* AppleWeatherSwift.app */;
			productType = "com.apple.product-type.application";
		};
		857AC6B82AF22F0C00C4906F /* AppleWeatherSwiftTests */ = {
			isa = PBXNativeTarget;
			buildConfigurationList = 857AC6D02AF22F0C00C4906F /* Build configuration list for PBXNativeTarget "AppleWeatherSwiftTests" */;
			buildPhases = (
				857AC6B52AF22F0C00C4906F /* Sources */,
				857AC6B62AF22F0C00C4906F /* Frameworks */,
				857AC6B72AF22F0C00C4906F /* Resources */,
			);
			buildRules = (
			);
			dependencies = (
				857AC6BB2AF22F0C00C4906F /* PBXTargetDependency */,
			);
			name = AppleWeatherSwiftTests;
			productName = AppleWeatherSwiftTests;
			productReference = 857AC6B92AF22F0C00C4906F /* AppleWeatherSwiftTests.xctest */;
			productType = "com.apple.product-type.bundle.unit-test";
		};
		857AC6C22AF22F0C00C4906F /* AppleWeatherSwiftUITests */ = {
			isa = PBXNativeTarget;
			buildConfigurationList = 857AC6D32AF22F0C00C4906F /* Build configuration list for PBXNativeTarget "AppleWeatherSwiftUITests" */;
			buildPhases = (
				857AC6BF2AF22F0C00C4906F /* Sources */,
				857AC6C02AF22F0C00C4906F /* Frameworks */,
				857AC6C12AF22F0C00C4906F /* Resources */,
			);
			buildRules = (
			);
			dependencies = (
				857AC6C52AF22F0C00C4906F /* PBXTargetDependency */,
			);
			name = AppleWeatherSwiftUITests;
			productName = AppleWeatherSwiftUITests;
			productReference = 857AC6C32AF22F0C00C4906F /* AppleWeatherSwiftUITests.xctest */;
			productType = "com.apple.product-type.bundle.ui-testing";
		};
/* End PBXNativeTarget section */

/* Begin PBXProject section */
		857AC6A12AF22F0A00C4906F /* Project object */ = {
			isa = PBXProject;
			attributes = {
				BuildIndependentTargetsInParallel = 1;
				LastSwiftUpdateCheck = 1500;
				LastUpgradeCheck = 1500;
				TargetAttributes = {
					857AC6A82AF22F0B00C4906F = {
						CreatedOnToolsVersion = 15.0.1;
					};
					857AC6B82AF22F0C00C4906F = {
						CreatedOnToolsVersion = 15.0.1;
						TestTargetID = 857AC6A82AF22F0B00C4906F;
					};
					857AC6C22AF22F0C00C4906F = {
						CreatedOnToolsVersion = 15.0.1;
						TestTargetID = 857AC6A82AF22F0B00C4906F;
					};
				};
			};
			buildConfigurationList = 857AC6A42AF22F0A00C4906F /* Build configuration list for PBXProject "AppleWeatherSwift" */;
			compatibilityVersion = "Xcode 14.0";
			developmentRegion = en;
			hasScannedForEncodings = 0;
			knownRegions = (
				en,
				Base,
				de,
				cs,
			);
			mainGroup = 857AC6A02AF22F0A00C4906F;
			packageReferences = (
			);
			productRefGroup = 857AC6AA2AF22F0B00C4906F /* Products */;
			projectDirPath = "";
			projectRoot = "";
			targets = (
				857AC6A82AF22F0B00C4906F /* AppleWeatherSwift */,
				857AC6B82AF22F0C00C4906F /* AppleWeatherSwiftTests */,
				857AC6C22AF22F0C00C4906F /* AppleWeatherSwiftUITests */,
			);
		};
/* End PBXProject section */

/* Begin PBXResourcesBuildPhase section */
		857AC6A72AF22F0B00C4906F /* Resources */ = {
			isa = PBXResourcesBuildPhase;
			buildActionMask = 2147483647;
			files = (
				857AC6B42AF22F0C00C4906F /* Preview Assets.xcassets in Resources */,
				85C0C8FF2B0C8EA900733E82 /* Inter-Regular.otf in Resources */,
				85C8A7B52B1CD6AE00BCBC3A /* weatherData.json in Resources */,
				85C0C8FE2B0C8EA900733E82 /* Inter-Medium.otf in Resources */,
				85C0C9002B0C8EA900733E82 /* Inter-SemiBold.otf in Resources */,
				857AC6B12AF22F0C00C4906F /* Assets.xcassets in Resources */,
				85C0C90E2B0FD01D00733E82 /* Localizable.xcstrings in Resources */,
				85C2B5E52B26EE8B00305CDF /* weatherDataForecast.json in Resources */,
				85C0C9012B0C8EA900733E82 /* Inter-Bold.otf in Resources */,
			);
			runOnlyForDeploymentPostprocessing = 0;
		};
		857AC6B72AF22F0C00C4906F /* Resources */ = {
			isa = PBXResourcesBuildPhase;
			buildActionMask = 2147483647;
			files = (
			);
			runOnlyForDeploymentPostprocessing = 0;
		};
		857AC6C12AF22F0C00C4906F /* Resources */ = {
			isa = PBXResourcesBuildPhase;
			buildActionMask = 2147483647;
			files = (
			);
			runOnlyForDeploymentPostprocessing = 0;
		};
/* End PBXResourcesBuildPhase section */

/* Begin PBXSourcesBuildPhase section */
		857AC6A52AF22F0B00C4906F /* Sources */ = {
			isa = PBXSourcesBuildPhase;
			buildActionMask = 2147483647;
			files = (
				85C0C8B22B04A0F100733E82 /* Font+App.swift in Sources */,
				85C8A7AB2B19C7E300BCBC3A /* test.swift in Sources */,
				85C0C9052B0F2EBD00733E82 /* EnableLocationView.swift in Sources */,
				85C8A7A52B19BCDB00BCBC3A /* LocationManager.swift in Sources */,
				857AC6E32AF23C6200C4906F /* TodayView.swift in Sources */,
				85C8A7942B1477EA00BCBC3A /* AnimationBackgroundView.swift in Sources */,
				85C8A7A82B19C08400BCBC3A /* LoadingView.swift in Sources */,
				85C2B5EE2B298BE100305CDF /* ContentView-ViewModel.swift in Sources */,
				85C8A7982B15C67E00BCBC3A /* ForecastDetailView.swift in Sources */,
				857AC6DF2AF23A3100C4906F /* ForecastView.swift in Sources */,
				85C8A7B72B1DAF1D00BCBC3A /* Extension.swift in Sources */,
				85C0C9092B0F9C2300733E82 /* AppText.swift in Sources */,
				857AC6AF2AF22F0B00C4906F /* ContentView.swift in Sources */,
				85C8A7BB2B1F0A3E00BCBC3A /* ShareSheetView.swift in Sources */,
				85C0C9032B0F2EA500733E82 /* ErrorFetchingDataView.swift in Sources */,
				85C0C90B2B0FB7D400733E82 /* ButtonStyle.swift in Sources */,
				857AC6AD2AF22F0B00C4906F /* AppleWeatherSwiftApp.swift in Sources */,
				85C0C9072B0F37FF00733E82 /* Image+App.swift in Sources */,
				85C8A7B12B1B83E500BCBC3A /* WeatherManager.swift in Sources */,
				85C8A7B32B1CD65900BCBC3A /* ModelData.swift in Sources */,
				85C8A79A2B15CE2100BCBC3A /* ForecastHeaderInfoView.swift in Sources */,
				85C8A7882B12478500BCBC3A /* TodayDetailInfo.swift in Sources */,
			);
			runOnlyForDeploymentPostprocessing = 0;
		};
		857AC6B52AF22F0C00C4906F /* Sources */ = {
			isa = PBXSourcesBuildPhase;
			buildActionMask = 2147483647;
			files = (
				857AC6BE2AF22F0C00C4906F /* AppleWeatherSwiftTests.swift in Sources */,
			);
			runOnlyForDeploymentPostprocessing = 0;
		};
		857AC6BF2AF22F0C00C4906F /* Sources */ = {
			isa = PBXSourcesBuildPhase;
			buildActionMask = 2147483647;
			files = (
				857AC6CA2AF22F0C00C4906F /* AppleWeatherSwiftUITestsLaunchTests.swift in Sources */,
				857AC6C82AF22F0C00C4906F /* AppleWeatherSwiftUITests.swift in Sources */,
			);
			runOnlyForDeploymentPostprocessing = 0;
		};
/* End PBXSourcesBuildPhase section */

/* Begin PBXTargetDependency section */
		857AC6BB2AF22F0C00C4906F /* PBXTargetDependency */ = {
			isa = PBXTargetDependency;
			target = 857AC6A82AF22F0B00C4906F /* AppleWeatherSwift */;
			targetProxy = 857AC6BA2AF22F0C00C4906F /* PBXContainerItemProxy */;
		};
		857AC6C52AF22F0C00C4906F /* PBXTargetDependency */ = {
			isa = PBXTargetDependency;
			target = 857AC6A82AF22F0B00C4906F /* AppleWeatherSwift */;
			targetProxy = 857AC6C42AF22F0C00C4906F /* PBXContainerItemProxy */;
		};
/* End PBXTargetDependency section */

/* Begin XCBuildConfiguration section */
		857AC6CB2AF22F0C00C4906F /* Debug */ = {
			isa = XCBuildConfiguration;
			buildSettings = {
				ALWAYS_SEARCH_USER_PATHS = NO;
				ASSETCATALOG_COMPILER_GENERATE_SWIFT_ASSET_SYMBOL_EXTENSIONS = YES;
				CLANG_ANALYZER_NONNULL = YES;
				CLANG_ANALYZER_NUMBER_OBJECT_CONVERSION = YES_AGGRESSIVE;
				CLANG_CXX_LANGUAGE_STANDARD = "gnu++20";
				CLANG_ENABLE_MODULES = YES;
				CLANG_ENABLE_OBJC_ARC = YES;
				CLANG_ENABLE_OBJC_WEAK = YES;
				CLANG_WARN_BLOCK_CAPTURE_AUTORELEASING = YES;
				CLANG_WARN_BOOL_CONVERSION = YES;
				CLANG_WARN_COMMA = YES;
				CLANG_WARN_CONSTANT_CONVERSION = YES;
				CLANG_WARN_DEPRECATED_OBJC_IMPLEMENTATIONS = YES;
				CLANG_WARN_DIRECT_OBJC_ISA_USAGE = YES_ERROR;
				CLANG_WARN_DOCUMENTATION_COMMENTS = YES;
				CLANG_WARN_EMPTY_BODY = YES;
				CLANG_WARN_ENUM_CONVERSION = YES;
				CLANG_WARN_INFINITE_RECURSION = YES;
				CLANG_WARN_INT_CONVERSION = YES;
				CLANG_WARN_NON_LITERAL_NULL_CONVERSION = YES;
				CLANG_WARN_OBJC_IMPLICIT_RETAIN_SELF = YES;
				CLANG_WARN_OBJC_LITERAL_CONVERSION = YES;
				CLANG_WARN_OBJC_ROOT_CLASS = YES_ERROR;
				CLANG_WARN_QUOTED_INCLUDE_IN_FRAMEWORK_HEADER = YES;
				CLANG_WARN_RANGE_LOOP_ANALYSIS = YES;
				CLANG_WARN_STRICT_PROTOTYPES = YES;
				CLANG_WARN_SUSPICIOUS_MOVE = YES;
				CLANG_WARN_UNGUARDED_AVAILABILITY = YES_AGGRESSIVE;
				CLANG_WARN_UNREACHABLE_CODE = YES;
				CLANG_WARN__DUPLICATE_METHOD_MATCH = YES;
				COPY_PHASE_STRIP = NO;
				DEBUG_INFORMATION_FORMAT = dwarf;
				ENABLE_STRICT_OBJC_MSGSEND = YES;
				ENABLE_TESTABILITY = YES;
				ENABLE_USER_SCRIPT_SANDBOXING = YES;
				GCC_C_LANGUAGE_STANDARD = gnu17;
				GCC_DYNAMIC_NO_PIC = NO;
				GCC_NO_COMMON_BLOCKS = YES;
				GCC_OPTIMIZATION_LEVEL = 0;
				GCC_PREPROCESSOR_DEFINITIONS = (
					"DEBUG=1",
					"$(inherited)",
				);
				GCC_WARN_64_TO_32_BIT_CONVERSION = YES;
				GCC_WARN_ABOUT_RETURN_TYPE = YES_ERROR;
				GCC_WARN_UNDECLARED_SELECTOR = YES;
				GCC_WARN_UNINITIALIZED_AUTOS = YES_AGGRESSIVE;
				GCC_WARN_UNUSED_FUNCTION = YES;
				GCC_WARN_UNUSED_VARIABLE = YES;
				IPHONEOS_DEPLOYMENT_TARGET = 16.0;
				LOCALIZATION_PREFERS_STRING_CATALOGS = YES;
				MTL_ENABLE_DEBUG_INFO = INCLUDE_SOURCE;
				MTL_FAST_MATH = YES;
				ONLY_ACTIVE_ARCH = YES;
				SDKROOT = iphoneos;
				SWIFT_ACTIVE_COMPILATION_CONDITIONS = "DEBUG $(inherited)";
				SWIFT_OPTIMIZATION_LEVEL = "-Onone";
			};
			name = Debug;
		};
		857AC6CC2AF22F0C00C4906F /* Release */ = {
			isa = XCBuildConfiguration;
			buildSettings = {
				ALWAYS_SEARCH_USER_PATHS = NO;
				ASSETCATALOG_COMPILER_GENERATE_SWIFT_ASSET_SYMBOL_EXTENSIONS = YES;
				CLANG_ANALYZER_NONNULL = YES;
				CLANG_ANALYZER_NUMBER_OBJECT_CONVERSION = YES_AGGRESSIVE;
				CLANG_CXX_LANGUAGE_STANDARD = "gnu++20";
				CLANG_ENABLE_MODULES = YES;
				CLANG_ENABLE_OBJC_ARC = YES;
				CLANG_ENABLE_OBJC_WEAK = YES;
				CLANG_WARN_BLOCK_CAPTURE_AUTORELEASING = YES;
				CLANG_WARN_BOOL_CONVERSION = YES;
				CLANG_WARN_COMMA = YES;
				CLANG_WARN_CONSTANT_CONVERSION = YES;
				CLANG_WARN_DEPRECATED_OBJC_IMPLEMENTATIONS = YES;
				CLANG_WARN_DIRECT_OBJC_ISA_USAGE = YES_ERROR;
				CLANG_WARN_DOCUMENTATION_COMMENTS = YES;
				CLANG_WARN_EMPTY_BODY = YES;
				CLANG_WARN_ENUM_CONVERSION = YES;
				CLANG_WARN_INFINITE_RECURSION = YES;
				CLANG_WARN_INT_CONVERSION = YES;
				CLANG_WARN_NON_LITERAL_NULL_CONVERSION = YES;
				CLANG_WARN_OBJC_IMPLICIT_RETAIN_SELF = YES;
				CLANG_WARN_OBJC_LITERAL_CONVERSION = YES;
				CLANG_WARN_OBJC_ROOT_CLASS = YES_ERROR;
				CLANG_WARN_QUOTED_INCLUDE_IN_FRAMEWORK_HEADER = YES;
				CLANG_WARN_RANGE_LOOP_ANALYSIS = YES;
				CLANG_WARN_STRICT_PROTOTYPES = YES;
				CLANG_WARN_SUSPICIOUS_MOVE = YES;
				CLANG_WARN_UNGUARDED_AVAILABILITY = YES_AGGRESSIVE;
				CLANG_WARN_UNREACHABLE_CODE = YES;
				CLANG_WARN__DUPLICATE_METHOD_MATCH = YES;
				COPY_PHASE_STRIP = NO;
				DEBUG_INFORMATION_FORMAT = "dwarf-with-dsym";
				ENABLE_NS_ASSERTIONS = NO;
				ENABLE_STRICT_OBJC_MSGSEND = YES;
				ENABLE_USER_SCRIPT_SANDBOXING = YES;
				GCC_C_LANGUAGE_STANDARD = gnu17;
				GCC_NO_COMMON_BLOCKS = YES;
				GCC_WARN_64_TO_32_BIT_CONVERSION = YES;
				GCC_WARN_ABOUT_RETURN_TYPE = YES_ERROR;
				GCC_WARN_UNDECLARED_SELECTOR = YES;
				GCC_WARN_UNINITIALIZED_AUTOS = YES_AGGRESSIVE;
				GCC_WARN_UNUSED_FUNCTION = YES;
				GCC_WARN_UNUSED_VARIABLE = YES;
				IPHONEOS_DEPLOYMENT_TARGET = 16.0;
				LOCALIZATION_PREFERS_STRING_CATALOGS = YES;
				MTL_ENABLE_DEBUG_INFO = NO;
				MTL_FAST_MATH = YES;
				SDKROOT = iphoneos;
				SWIFT_COMPILATION_MODE = wholemodule;
				VALIDATE_PRODUCT = YES;
			};
			name = Release;
		};
		857AC6CE2AF22F0C00C4906F /* Debug */ = {
			isa = XCBuildConfiguration;
			buildSettings = {
				ASSETCATALOG_COMPILER_APPICON_NAME = AppIcon;
				ASSETCATALOG_COMPILER_GLOBAL_ACCENT_COLOR_NAME = AccentColor;
				CODE_SIGN_STYLE = Automatic;
				CURRENT_PROJECT_VERSION = 1;
				DEVELOPMENT_ASSET_PATHS = "\"AppleWeatherSwift/Preview Content\"";
				DEVELOPMENT_TEAM = A3C697XPTN;
				ENABLE_PREVIEWS = YES;
				GENERATE_INFOPLIST_FILE = YES;
				INFOPLIST_FILE = AppleWeatherSwift/Info.plist;
				INFOPLIST_KEY_NSLocationAlwaysAndWhenInUseUsageDescription = "We need your location for...";
				INFOPLIST_KEY_UIApplicationSceneManifest_Generation = YES;
				INFOPLIST_KEY_UIApplicationSupportsIndirectInputEvents = YES;
				INFOPLIST_KEY_UILaunchScreen_Generation = YES;
				INFOPLIST_KEY_UISupportedInterfaceOrientations_iPad = "UIInterfaceOrientationPortrait UIInterfaceOrientationPortraitUpsideDown UIInterfaceOrientationLandscapeLeft UIInterfaceOrientationLandscapeRight";
				INFOPLIST_KEY_UISupportedInterfaceOrientations_iPhone = "UIInterfaceOrientationPortrait UIInterfaceOrientationLandscapeLeft UIInterfaceOrientationLandscapeRight";
				IPHONEOS_DEPLOYMENT_TARGET = 17.0;
				LD_RUNPATH_SEARCH_PATHS = (
					"$(inherited)",
					"@executable_path/Frameworks",
				);
				MARKETING_VERSION = 1.0;
				PRODUCT_BUNDLE_IDENTIFIER = "Stepanek-s.r.o..AppleWeatherSwift";
				PRODUCT_NAME = "$(TARGET_NAME)";
				SWIFT_EMIT_LOC_STRINGS = YES;
				SWIFT_VERSION = 5.0;
				TARGETED_DEVICE_FAMILY = "1,2";
			};
			name = Debug;
		};
		857AC6CF2AF22F0C00C4906F /* Release */ = {
			isa = XCBuildConfiguration;
			buildSettings = {
				ASSETCATALOG_COMPILER_APPICON_NAME = AppIcon;
				ASSETCATALOG_COMPILER_GLOBAL_ACCENT_COLOR_NAME = AccentColor;
				CODE_SIGN_STYLE = Automatic;
				CURRENT_PROJECT_VERSION = 1;
				DEVELOPMENT_ASSET_PATHS = "\"AppleWeatherSwift/Preview Content\"";
				DEVELOPMENT_TEAM = A3C697XPTN;
				ENABLE_PREVIEWS = YES;
				GENERATE_INFOPLIST_FILE = YES;
				INFOPLIST_FILE = AppleWeatherSwift/Info.plist;
				INFOPLIST_KEY_NSLocationAlwaysAndWhenInUseUsageDescription = "We need your location for...";
				INFOPLIST_KEY_UIApplicationSceneManifest_Generation = YES;
				INFOPLIST_KEY_UIApplicationSupportsIndirectInputEvents = YES;
				INFOPLIST_KEY_UILaunchScreen_Generation = YES;
				INFOPLIST_KEY_UISupportedInterfaceOrientations_iPad = "UIInterfaceOrientationPortrait UIInterfaceOrientationPortraitUpsideDown UIInterfaceOrientationLandscapeLeft UIInterfaceOrientationLandscapeRight";
				INFOPLIST_KEY_UISupportedInterfaceOrientations_iPhone = "UIInterfaceOrientationPortrait UIInterfaceOrientationLandscapeLeft UIInterfaceOrientationLandscapeRight";
				IPHONEOS_DEPLOYMENT_TARGET = 17.0;
				LD_RUNPATH_SEARCH_PATHS = (
					"$(inherited)",
					"@executable_path/Frameworks",
				);
				MARKETING_VERSION = 1.0;
				PRODUCT_BUNDLE_IDENTIFIER = "Stepanek-s.r.o..AppleWeatherSwift";
				PRODUCT_NAME = "$(TARGET_NAME)";
				SWIFT_EMIT_LOC_STRINGS = YES;
				SWIFT_VERSION = 5.0;
				TARGETED_DEVICE_FAMILY = "1,2";
			};
			name = Release;
		};
		857AC6D12AF22F0C00C4906F /* Debug */ = {
			isa = XCBuildConfiguration;
			buildSettings = {
				ALWAYS_EMBED_SWIFT_STANDARD_LIBRARIES = YES;
				BUNDLE_LOADER = "$(TEST_HOST)";
				CODE_SIGN_STYLE = Automatic;
				CURRENT_PROJECT_VERSION = 1;
				DEVELOPMENT_TEAM = A3C697XPTN;
				GENERATE_INFOPLIST_FILE = YES;
				IPHONEOS_DEPLOYMENT_TARGET = 17.0;
				MARKETING_VERSION = 1.0;
				PRODUCT_BUNDLE_IDENTIFIER = "Stepanek-s.r.o..AppleWeatherSwiftTests";
				PRODUCT_NAME = "$(TARGET_NAME)";
				SWIFT_EMIT_LOC_STRINGS = NO;
				SWIFT_VERSION = 5.0;
				TARGETED_DEVICE_FAMILY = "1,2";
				TEST_HOST = "$(BUILT_PRODUCTS_DIR)/AppleWeatherSwift.app/$(BUNDLE_EXECUTABLE_FOLDER_PATH)/AppleWeatherSwift";
			};
			name = Debug;
		};
		857AC6D22AF22F0C00C4906F /* Release */ = {
			isa = XCBuildConfiguration;
			buildSettings = {
				ALWAYS_EMBED_SWIFT_STANDARD_LIBRARIES = YES;
				BUNDLE_LOADER = "$(TEST_HOST)";
				CODE_SIGN_STYLE = Automatic;
				CURRENT_PROJECT_VERSION = 1;
				DEVELOPMENT_TEAM = A3C697XPTN;
				GENERATE_INFOPLIST_FILE = YES;
				IPHONEOS_DEPLOYMENT_TARGET = 17.0;
				MARKETING_VERSION = 1.0;
				PRODUCT_BUNDLE_IDENTIFIER = "Stepanek-s.r.o..AppleWeatherSwiftTests";
				PRODUCT_NAME = "$(TARGET_NAME)";
				SWIFT_EMIT_LOC_STRINGS = NO;
				SWIFT_VERSION = 5.0;
				TARGETED_DEVICE_FAMILY = "1,2";
				TEST_HOST = "$(BUILT_PRODUCTS_DIR)/AppleWeatherSwift.app/$(BUNDLE_EXECUTABLE_FOLDER_PATH)/AppleWeatherSwift";
			};
			name = Release;
		};
		857AC6D42AF22F0C00C4906F /* Debug */ = {
			isa = XCBuildConfiguration;
			buildSettings = {
				ALWAYS_EMBED_SWIFT_STANDARD_LIBRARIES = YES;
				CODE_SIGN_STYLE = Automatic;
				CURRENT_PROJECT_VERSION = 1;
				DEVELOPMENT_TEAM = A3C697XPTN;
				GENERATE_INFOPLIST_FILE = YES;
				MARKETING_VERSION = 1.0;
				PRODUCT_BUNDLE_IDENTIFIER = "Stepanek-s.r.o..AppleWeatherSwiftUITests";
				PRODUCT_NAME = "$(TARGET_NAME)";
				SWIFT_EMIT_LOC_STRINGS = NO;
				SWIFT_VERSION = 5.0;
				TARGETED_DEVICE_FAMILY = "1,2";
				TEST_TARGET_NAME = AppleWeatherSwift;
			};
			name = Debug;
		};
		857AC6D52AF22F0C00C4906F /* Release */ = {
			isa = XCBuildConfiguration;
			buildSettings = {
				ALWAYS_EMBED_SWIFT_STANDARD_LIBRARIES = YES;
				CODE_SIGN_STYLE = Automatic;
				CURRENT_PROJECT_VERSION = 1;
				DEVELOPMENT_TEAM = A3C697XPTN;
				GENERATE_INFOPLIST_FILE = YES;
				MARKETING_VERSION = 1.0;
				PRODUCT_BUNDLE_IDENTIFIER = "Stepanek-s.r.o..AppleWeatherSwiftUITests";
				PRODUCT_NAME = "$(TARGET_NAME)";
				SWIFT_EMIT_LOC_STRINGS = NO;
				SWIFT_VERSION = 5.0;
				TARGETED_DEVICE_FAMILY = "1,2";
				TEST_TARGET_NAME = AppleWeatherSwift;
			};
			name = Release;
		};
/* End XCBuildConfiguration section */

/* Begin XCConfigurationList section */
		857AC6A42AF22F0A00C4906F /* Build configuration list for PBXProject "AppleWeatherSwift" */ = {
			isa = XCConfigurationList;
			buildConfigurations = (
				857AC6CB2AF22F0C00C4906F /* Debug */,
				857AC6CC2AF22F0C00C4906F /* Release */,
			);
			defaultConfigurationIsVisible = 0;
			defaultConfigurationName = Release;
		};
		857AC6CD2AF22F0C00C4906F /* Build configuration list for PBXNativeTarget "AppleWeatherSwift" */ = {
			isa = XCConfigurationList;
			buildConfigurations = (
				857AC6CE2AF22F0C00C4906F /* Debug */,
				857AC6CF2AF22F0C00C4906F /* Release */,
			);
			defaultConfigurationIsVisible = 0;
			defaultConfigurationName = Release;
		};
		857AC6D02AF22F0C00C4906F /* Build configuration list for PBXNativeTarget "AppleWeatherSwiftTests" */ = {
			isa = XCConfigurationList;
			buildConfigurations = (
				857AC6D12AF22F0C00C4906F /* Debug */,
				857AC6D22AF22F0C00C4906F /* Release */,
			);
			defaultConfigurationIsVisible = 0;
			defaultConfigurationName = Release;
		};
		857AC6D32AF22F0C00C4906F /* Build configuration list for PBXNativeTarget "AppleWeatherSwiftUITests" */ = {
			isa = XCConfigurationList;
			buildConfigurations = (
				857AC6D42AF22F0C00C4906F /* Debug */,
				857AC6D52AF22F0C00C4906F /* Release */,
			);
			defaultConfigurationIsVisible = 0;
			defaultConfigurationName = Release;
		};
/* End XCConfigurationList section */
	};
	rootObject = 857AC6A12AF22F0A00C4906F /* Project object */;
}
